
Microsoft Visual Studio Solution File, Format Version 12.00
# Visual Studio Version 16
VisualStudioVersion = 16.0.30517.126
MinimumVisualStudioVersion = 10.0.40219.1
Project("{FAE04EC0-301F-11D3-BF4B-00C04F79EFBC}") = "WebAppV1", "WebAppV1.csproj", "{DD0C008A-2598-4CA9-ACDA-B4FDD5F744B4}"
EndProject
Global
	GlobalSection(SolutionConfigurationPlatforms) = preSolution
		Debug|Any CPU = Debug|Any CPU
		Release|Any CPU = Release|Any CPU
	EndGlobalSection
	GlobalSection(ProjectConfigurationPlatforms) = postSolution
		{DD0C008A-2598-4CA9-ACDA-B4FDD5F744B4}.Debug|Any CPU.ActiveCfg = Debug|Any CPU
		{DD0C008A-2598-4CA9-ACDA-B4FDD5F744B4}.Debug|Any CPU.Build.0 = Debug|Any CPU
		{DD0C008A-2598-4CA9-ACDA-B4FDD5F744B4}.Release|Any CPU.ActiveCfg = Release|Any CPU
		{DD0C008A-2598-4CA9-ACDA-B4FDD5F744B4}.Release|Any CPU.Build.0 = Release|Any CPU
	EndGlobalSection
	GlobalSection(SolutionProperties) = preSolution
		HideSolutionNode = FALSE
	EndGlobalSection
	GlobalSection(ExtensibilityGlobals) = postSolution
		SolutionGuid = {441A8D07-B7FA-4FDD-B31C-C37B9AFD371B}
	EndGlobalSection
EndGlobal
